// !$*UTF8*$!
{
	archiveVersion = 1;
	classes = {
	};
	objectVersion = 50;
	objects = {

/* Begin PBXBuildFile section */
		F12BE10D219AEAA300444F28 /* AppDelegate.swift in Sources */ = {isa = PBXBuildFile; fileRef = F12BE10C219AEAA300444F28 /* AppDelegate.swift */; };
		F12BE10F219AEAA300444F28 /* ViewController.swift in Sources */ = {isa = PBXBuildFile; fileRef = F12BE10E219AEAA300444F28 /* ViewController.swift */; };
		F12BE112219AEAA300444F28 /* Main.storyboard in Resources */ = {isa = PBXBuildFile; fileRef = F12BE110219AEAA300444F28 /* Main.storyboard */; };
		F12BE115219AEAA300444F28 /* SupFamily.xcdatamodeld in Sources */ = {isa = PBXBuildFile; fileRef = F12BE113219AEAA300444F28 /* SupFamily.xcdatamodeld */; };
		F12BE117219AEAA400444F28 /* Assets.xcassets in Resources */ = {isa = PBXBuildFile; fileRef = F12BE116219AEAA400444F28 /* Assets.xcassets */; };
		F12BE11A219AEAA400444F28 /* LaunchScreen.storyboard in Resources */ = {isa = PBXBuildFile; fileRef = F12BE118219AEAA400444F28 /* LaunchScreen.storyboard */; };
		F1885FE6219DDA0E00710B32 /* MemberTableViewController.swift in Sources */ = {isa = PBXBuildFile; fileRef = F1885FE5219DDA0E00710B32 /* MemberTableViewController.swift */; };
		F1B1B4BB21A40BB200F846F7 /* Podfile in Resources */ = {isa = PBXBuildFile; fileRef = F1B1B4BA21A40BB200F846F7 /* Podfile */; };
		F1B7E2C321A4113800D238D2 /* MapsViewController.swift in Sources */ = {isa = PBXBuildFile; fileRef = F1B7E2C221A4113800D238D2 /* MapsViewController.swift */; };
		F1B7E2C521A4169F00D238D2 /* ApiGoogleMapsController.swift in Sources */ = {isa = PBXBuildFile; fileRef = F1B7E2C421A4169F00D238D2 /* ApiGoogleMapsController.swift */; };
		F1B7E2C721A416DE00D238D2 /* AddMemberViewController.swift in Sources */ = {isa = PBXBuildFile; fileRef = F1B7E2C621A416DE00D238D2 /* AddMemberViewController.swift */; };
		F1B7E2CB21A4417E00D238D2 /* db.swift in Sources */ = {isa = PBXBuildFile; fileRef = F1B7E2CA21A4417E00D238D2 /* db.swift */; };
		F1C9E79A219DAB6300E12296 /* Family.swift in Sources */ = {isa = PBXBuildFile; fileRef = F1C9E799219DAB6300E12296 /* Family.swift */; };
		F1C9E79D219DAB7400E12296 /* User.swift in Sources */ = {isa = PBXBuildFile; fileRef = F1C9E79C219DAB7400E12296 /* User.swift */; };
		F1C9E7A1219DAD8C00E12296 /* ApiRESTController.swift in Sources */ = {isa = PBXBuildFile; fileRef = F1C9E7A0219DAD8C00E12296 /* ApiRESTController.swift */; };
		FF902A44EB0A7E5E84E7E48C /* libPods-SupFamily.a in Frameworks */ = {isa = PBXBuildFile; fileRef = 95343D0D2D65CD86DAE12C79 /* libPods-SupFamily.a */; };
/* End PBXBuildFile section */

/* Begin PBXFileReference section */
		95343D0D2D65CD86DAE12C79 /* libPods-SupFamily.a */ = {isa = PBXFileReference; explicitFileType = archive.ar; includeInIndex = 0; path = "libPods-SupFamily.a"; sourceTree = BUILT_PRODUCTS_DIR; };
		BCCCB51883B1BE6367AE0426 /* Pods-SupFamily.debug.xcconfig */ = {isa = PBXFileReference; includeInIndex = 1; lastKnownFileType = text.xcconfig; name = "Pods-SupFamily.debug.xcconfig"; path = "Pods/Target Support Files/Pods-SupFamily/Pods-SupFamily.debug.xcconfig"; sourceTree = "<group>"; };
		C47593FFE0486233382EAC66 /* Pods-SupFamily.release.xcconfig */ = {isa = PBXFileReference; includeInIndex = 1; lastKnownFileType = text.xcconfig; name = "Pods-SupFamily.release.xcconfig"; path = "Pods/Target Support Files/Pods-SupFamily/Pods-SupFamily.release.xcconfig"; sourceTree = "<group>"; };
		F12BE109219AEAA300444F28 /* SupFamily.app */ = {isa = PBXFileReference; explicitFileType = wrapper.application; includeInIndex = 0; path = SupFamily.app; sourceTree = BUILT_PRODUCTS_DIR; };
		F12BE10C219AEAA300444F28 /* AppDelegate.swift */ = {isa = PBXFileReference; lastKnownFileType = sourcecode.swift; path = AppDelegate.swift; sourceTree = "<group>"; };
		F12BE10E219AEAA300444F28 /* ViewController.swift */ = {isa = PBXFileReference; lastKnownFileType = sourcecode.swift; path = ViewController.swift; sourceTree = "<group>"; };
		F12BE111219AEAA300444F28 /* Base */ = {isa = PBXFileReference; lastKnownFileType = file.storyboard; name = Base; path = Base.lproj/Main.storyboard; sourceTree = "<group>"; };
		F12BE114219AEAA300444F28 /* SupFamily.xcdatamodel */ = {isa = PBXFileReference; lastKnownFileType = wrapper.xcdatamodel; path = SupFamily.xcdatamodel; sourceTree = "<group>"; };
		F12BE116219AEAA400444F28 /* Assets.xcassets */ = {isa = PBXFileReference; lastKnownFileType = folder.assetcatalog; path = Assets.xcassets; sourceTree = "<group>"; };
		F12BE119219AEAA400444F28 /* Base */ = {isa = PBXFileReference; lastKnownFileType = file.storyboard; name = Base; path = Base.lproj/LaunchScreen.storyboard; sourceTree = "<group>"; };
		F12BE11B219AEAA400444F28 /* Info.plist */ = {isa = PBXFileReference; lastKnownFileType = text.plist.xml; path = Info.plist; sourceTree = "<group>"; };
		F1885FE5219DDA0E00710B32 /* MemberTableViewController.swift */ = {isa = PBXFileReference; lastKnownFileType = sourcecode.swift; path = MemberTableViewController.swift; sourceTree = "<group>"; };
		F1B1B4BA21A40BB200F846F7 /* Podfile */ = {isa = PBXFileReference; lastKnownFileType = text; path = Podfile; sourceTree = "<group>"; xcLanguageSpecificationIdentifier = xcode.lang.ruby; };
		F1B7E2C221A4113800D238D2 /* MapsViewController.swift */ = {isa = PBXFileReference; lastKnownFileType = sourcecode.swift; name = MapsViewController.swift; path = SupFamily/Models/MapsViewController.swift; sourceTree = SOURCE_ROOT; };
		F1B7E2C421A4169F00D238D2 /* ApiGoogleMapsController.swift */ = {isa = PBXFileReference; lastKnownFileType = sourcecode.swift; path = ApiGoogleMapsController.swift; sourceTree = "<group>"; };
		F1B7E2C621A416DE00D238D2 /* AddMemberViewController.swift */ = {isa = PBXFileReference; lastKnownFileType = sourcecode.swift; path = AddMemberViewController.swift; sourceTree = "<group>"; };
		F1B7E2CA21A4417E00D238D2 /* db.swift */ = {isa = PBXFileReference; fileEncoding = 4; lastKnownFileType = sourcecode.swift; path = db.swift; sourceTree = "<group>"; };
		F1C9E799219DAB6300E12296 /* Family.swift */ = {isa = PBXFileReference; lastKnownFileType = sourcecode.swift; path = Family.swift; sourceTree = "<group>"; };
		F1C9E79C219DAB7400E12296 /* User.swift */ = {isa = PBXFileReference; lastKnownFileType = sourcecode.swift; path = User.swift; sourceTree = "<group>"; };
		F1C9E7A0219DAD8C00E12296 /* ApiRESTController.swift */ = {isa = PBXFileReference; lastKnownFileType = sourcecode.swift; path = ApiRESTController.swift; sourceTree = "<group>"; };
/* End PBXFileReference section */

/* Begin PBXFrameworksBuildPhase section */
		F12BE106219AEAA300444F28 /* Frameworks */ = {
			isa = PBXFrameworksBuildPhase;
			buildActionMask = 2147483647;
			files = (
				FF902A44EB0A7E5E84E7E48C /* libPods-SupFamily.a in Frameworks */,
			);
			runOnlyForDeploymentPostprocessing = 0;
		};
/* End PBXFrameworksBuildPhase section */

/* Begin PBXGroup section */
		224F3687B13DD01F0CCDC6C9 /* Frameworks */ = {
			isa = PBXGroup;
			children = (
				95343D0D2D65CD86DAE12C79 /* libPods-SupFamily.a */,
			);
			name = Frameworks;
			sourceTree = "<group>";
		};
		9B78167CAE31B5AAAF981FC8 /* Pods */ = {
			isa = PBXGroup;
			children = (
				BCCCB51883B1BE6367AE0426 /* Pods-SupFamily.debug.xcconfig */,
				C47593FFE0486233382EAC66 /* Pods-SupFamily.release.xcconfig */,
			);
			name = Pods;
			sourceTree = "<group>";
		};
		F12BE100219AEAA300444F28 = {
			isa = PBXGroup;
			children = (
				F1B1B4BA21A40BB200F846F7 /* Podfile */,
				F12BE10B219AEAA300444F28 /* SupFamily */,
				F12BE10A219AEAA300444F28 /* Products */,
				9B78167CAE31B5AAAF981FC8 /* Pods */,
				224F3687B13DD01F0CCDC6C9 /* Frameworks */,
			);
			sourceTree = "<group>";
		};
		F12BE10A219AEAA300444F28 /* Products */ = {
			isa = PBXGroup;
			children = (
				F12BE109219AEAA300444F28 /* SupFamily.app */,
			);
			name = Products;
			sourceTree = "<group>";
		};
		F12BE10B219AEAA300444F28 /* SupFamily */ = {
			isa = PBXGroup;
			children = (
				F1B7E2C921A43FA000D238D2 /* DataBase */,
				F1C9E79E219DABE500E12296 /* ViewController */,
				F1C9E798219DAB4A00E12296 /* Controller */,
				F1C9E797219DAB3E00E12296 /* Models */,
				F12BE10C219AEAA300444F28 /* AppDelegate.swift */,
				F12BE110219AEAA300444F28 /* Main.storyboard */,
				F12BE116219AEAA400444F28 /* Assets.xcassets */,
				F12BE118219AEAA400444F28 /* LaunchScreen.storyboard */,
				F12BE11B219AEAA400444F28 /* Info.plist */,
				F12BE113219AEAA300444F28 /* SupFamily.xcdatamodeld */,
			);
			path = SupFamily;
			sourceTree = "<group>";
		};
		F1B7E2C921A43FA000D238D2 /* DataBase */ = {
			isa = PBXGroup;
			children = (
				F1B7E2CA21A4417E00D238D2 /* db.swift */,
			);
			path = DataBase;
			sourceTree = "<group>";
		};
		F1C9E797219DAB3E00E12296 /* Models */ = {
			isa = PBXGroup;
			children = (
				F1C9E799219DAB6300E12296 /* Family.swift */,
				F1C9E79C219DAB7400E12296 /* User.swift */,
			);
			path = Models;
			sourceTree = "<group>";
		};
		F1C9E798219DAB4A00E12296 /* Controller */ = {
			isa = PBXGroup;
			children = (
				F1C9E7A0219DAD8C00E12296 /* ApiRESTController.swift */,
				F1B7E2C421A4169F00D238D2 /* ApiGoogleMapsController.swift */,
			);
			path = Controller;
			sourceTree = "<group>";
		};
		F1C9E79E219DABE500E12296 /* ViewController */ = {
			isa = PBXGroup;
			children = (
				F12BE10E219AEAA300444F28 /* ViewController.swift */,
				F1885FE5219DDA0E00710B32 /* MemberTableViewController.swift */,
				F1B7E2C221A4113800D238D2 /* MapsViewController.swift */,
				F1B7E2C621A416DE00D238D2 /* AddMemberViewController.swift */,
			);
			path = ViewController;
			sourceTree = "<group>";
		};
/* End PBXGroup section */

/* Begin PBXNativeTarget section */
		F12BE108219AEAA300444F28 /* SupFamily */ = {
			isa = PBXNativeTarget;
			buildConfigurationList = F12BE11E219AEAA400444F28 /* Build configuration list for PBXNativeTarget "SupFamily" */;
			buildPhases = (
				CB504713D83D4A19CB8BE509 /* [CP] Check Pods Manifest.lock */,
				F12BE105219AEAA300444F28 /* Sources */,
				F12BE106219AEAA300444F28 /* Frameworks */,
				F12BE107219AEAA300444F28 /* Resources */,
				015B531CB1659FF3FBA1321E /* [CP] Copy Pods Resources */,
			);
			buildRules = (
			);
			dependencies = (
			);
			name = SupFamily;
			productName = SupFamily;
			productReference = F12BE109219AEAA300444F28 /* SupFamily.app */;
			productType = "com.apple.product-type.application";
		};
/* End PBXNativeTarget section */

/* Begin PBXProject section */
		F12BE101219AEAA300444F28 /* Project object */ = {
			isa = PBXProject;
			attributes = {
				LastSwiftUpdateCheck = 0940;
				LastUpgradeCheck = 0940;
				ORGANIZATIONNAME = Supinfo;
				TargetAttributes = {
					F12BE108219AEAA300444F28 = {
						CreatedOnToolsVersion = 9.4;
					};
				};
			};
			buildConfigurationList = F12BE104219AEAA300444F28 /* Build configuration list for PBXProject "SupFamily" */;
			compatibilityVersion = "Xcode 9.3";
			developmentRegion = en;
			hasScannedForEncodings = 0;
			knownRegions = (
				en,
				Base,
			);
			mainGroup = F12BE100219AEAA300444F28;
			productRefGroup = F12BE10A219AEAA300444F28 /* Products */;
			projectDirPath = "";
			projectRoot = "";
			targets = (
				F12BE108219AEAA300444F28 /* SupFamily */,
			);
		};
/* End PBXProject section */

/* Begin PBXResourcesBuildPhase section */
		F12BE107219AEAA300444F28 /* Resources */ = {
			isa = PBXResourcesBuildPhase;
			buildActionMask = 2147483647;
			files = (
				F12BE11A219AEAA400444F28 /* LaunchScreen.storyboard in Resources */,
				F12BE117219AEAA400444F28 /* Assets.xcassets in Resources */,
				F1B1B4BB21A40BB200F846F7 /* Podfile in Resources */,
				F12BE112219AEAA300444F28 /* Main.storyboard in Resources */,
			);
			runOnlyForDeploymentPostprocessing = 0;
		};
/* End PBXResourcesBuildPhase section */

/* Begin PBXShellScriptBuildPhase section */
		015B531CB1659FF3FBA1321E /* [CP] Copy Pods Resources */ = {
			isa = PBXShellScriptBuildPhase;
			buildActionMask = 2147483647;
			files = (
			);
			inputPaths = (
				"${SRCROOT}/Pods/Target Support Files/Pods-SupFamily/Pods-SupFamily-resources.sh",
				"${PODS_ROOT}/GoogleMaps/Maps/Frameworks/GoogleMaps.framework/Resources/GoogleMaps.bundle",
				"${PODS_ROOT}/GooglePlaces/Frameworks/GooglePlaces.framework/Resources/GooglePlaces.bundle",
			);
			name = "[CP] Copy Pods Resources";
			outputPaths = (
				"${TARGET_BUILD_DIR}/${UNLOCALIZED_RESOURCES_FOLDER_PATH}/GoogleMaps.bundle",
				"${TARGET_BUILD_DIR}/${UNLOCALIZED_RESOURCES_FOLDER_PATH}/GooglePlaces.bundle",
			);
			runOnlyForDeploymentPostprocessing = 0;
			shellPath = /bin/sh;
			shellScript = "\"${SRCROOT}/Pods/Target Support Files/Pods-SupFamily/Pods-SupFamily-resources.sh\"\n";
			showEnvVarsInLog = 0;
		};
		CB504713D83D4A19CB8BE509 /* [CP] Check Pods Manifest.lock */ = {
			isa = PBXShellScriptBuildPhase;
			buildActionMask = 2147483647;
			files = (
			);
			inputPaths = (
				"${PODS_PODFILE_DIR_PATH}/Podfile.lock",
				"${PODS_ROOT}/Manifest.lock",
			);
			name = "[CP] Check Pods Manifest.lock";
			outputPaths = (
				"$(DERIVED_FILE_DIR)/Pods-SupFamily-checkManifestLockResult.txt",
			);
			runOnlyForDeploymentPostprocessing = 0;
			shellPath = /bin/sh;
			shellScript = "diff \"${PODS_PODFILE_DIR_PATH}/Podfile.lock\" \"${PODS_ROOT}/Manifest.lock\" > /dev/null\nif [ $? != 0 ] ; then\n    # print error to STDERR\n    echo \"error: The sandbox is not in sync with the Podfile.lock. Run 'pod install' or update your CocoaPods installation.\" >&2\n    exit 1\nfi\n# This output is used by Xcode 'outputs' to avoid re-running this script phase.\necho \"SUCCESS\" > \"${SCRIPT_OUTPUT_FILE_0}\"\n";
			showEnvVarsInLog = 0;
		};
/* End PBXShellScriptBuildPhase section */

/* Begin PBXSourcesBuildPhase section */
		F12BE105219AEAA300444F28 /* Sources */ = {
			isa = PBXSourcesBuildPhase;
			buildActionMask = 2147483647;
			files = (
				F1C9E7A1219DAD8C00E12296 /* ApiRESTController.swift in Sources */,
				F12BE115219AEAA300444F28 /* SupFamily.xcdatamodeld in Sources */,
				F1B7E2C721A416DE00D238D2 /* AddMemberViewController.swift in Sources */,
				F1C9E79A219DAB6300E12296 /* Family.swift in Sources */,
				F1B7E2C521A4169F00D238D2 /* ApiGoogleMapsController.swift in Sources */,
				F1B7E2C321A4113800D238D2 /* MapsViewController.swift in Sources */,
				F1885FE6219DDA0E00710B32 /* MemberTableViewController.swift in Sources */,
				F12BE10F219AEAA300444F28 /* ViewController.swift in Sources */,
				F1B7E2CB21A4417E00D238D2 /* db.swift in Sources */,
				F1C9E79D219DAB7400E12296 /* User.swift in Sources */,
				F12BE10D219AEAA300444F28 /* AppDelegate.swift in Sources */,
			);
			runOnlyForDeploymentPostprocessing = 0;
		};
/* End PBXSourcesBuildPhase section */

/* Begin PBXVariantGroup section */
		F12BE110219AEAA300444F28 /* Main.storyboard */ = {
			isa = PBXVariantGroup;
			children = (
				F12BE111219AEAA300444F28 /* Base */,
			);
			name = Main.storyboard;
			sourceTree = "<group>";
		};
		F12BE118219AEAA400444F28 /* LaunchScreen.storyboard */ = {
			isa = PBXVariantGroup;
			children = (
				F12BE119219AEAA400444F28 /* Base */,
			);
			name = LaunchScreen.storyboard;
			sourceTree = "<group>";
		};
/* End PBXVariantGroup section */

/* Begin XCBuildConfiguration section */
		F12BE11C219AEAA400444F28 /* Debug */ = {
			isa = XCBuildConfiguration;
			buildSettings = {
				ALWAYS_SEARCH_USER_PATHS = NO;
				CLANG_ANALYZER_NONNULL = YES;
				CLANG_ANALYZER_NUMBER_OBJECT_CONVERSION = YES_AGGRESSIVE;
				CLANG_CXX_LANGUAGE_STANDARD = "gnu++14";
				CLANG_CXX_LIBRARY = "libc++";
				CLANG_ENABLE_MODULES = YES;
				CLANG_ENABLE_OBJC_ARC = YES;
				CLANG_ENABLE_OBJC_WEAK = YES;
				CLANG_WARN_BLOCK_CAPTURE_AUTORELEASING = YES;
				CLANG_WARN_BOOL_CONVERSION = YES;
				CLANG_WARN_COMMA = YES;
				CLANG_WARN_CONSTANT_CONVERSION = YES;
				CLANG_WARN_DEPRECATED_OBJC_IMPLEMENTATIONS = YES;
				CLANG_WARN_DIRECT_OBJC_ISA_USAGE = YES_ERROR;
				CLANG_WARN_DOCUMENTATION_COMMENTS = YES;
				CLANG_WARN_EMPTY_BODY = YES;
				CLANG_WARN_ENUM_CONVERSION = YES;
				CLANG_WARN_INFINITE_RECURSION = YES;
				CLANG_WARN_INT_CONVERSION = YES;
				CLANG_WARN_NON_LITERAL_NULL_CONVERSION = YES;
				CLANG_WARN_OBJC_IMPLICIT_RETAIN_SELF = YES;
				CLANG_WARN_OBJC_LITERAL_CONVERSION = YES;
				CLANG_WARN_OBJC_ROOT_CLASS = YES_ERROR;
				CLANG_WARN_RANGE_LOOP_ANALYSIS = YES;
				CLANG_WARN_STRICT_PROTOTYPES = YES;
				CLANG_WARN_SUSPICIOUS_MOVE = YES;
				CLANG_WARN_UNGUARDED_AVAILABILITY = YES_AGGRESSIVE;
				CLANG_WARN_UNREACHABLE_CODE = YES;
				CLANG_WARN__DUPLICATE_METHOD_MATCH = YES;
				CODE_SIGN_IDENTITY = "iPhone Developer";
				COPY_PHASE_STRIP = NO;
				DEBUG_INFORMATION_FORMAT = dwarf;
				ENABLE_STRICT_OBJC_MSGSEND = YES;
				ENABLE_TESTABILITY = YES;
				GCC_C_LANGUAGE_STANDARD = gnu11;
				GCC_DYNAMIC_NO_PIC = NO;
				GCC_NO_COMMON_BLOCKS = YES;
				GCC_OPTIMIZATION_LEVEL = 0;
				GCC_PREPROCESSOR_DEFINITIONS = (
					"DEBUG=1",
					"$(inherited)",
				);
				GCC_WARN_64_TO_32_BIT_CONVERSION = YES;
				GCC_WARN_ABOUT_RETURN_TYPE = YES_ERROR;
				GCC_WARN_UNDECLARED_SELECTOR = YES;
				GCC_WARN_UNINITIALIZED_AUTOS = YES_AGGRESSIVE;
				GCC_WARN_UNUSED_FUNCTION = YES;
				GCC_WARN_UNUSED_VARIABLE = YES;
				IPHONEOS_DEPLOYMENT_TARGET = 11.4;
				MTL_ENABLE_DEBUG_INFO = YES;
				ONLY_ACTIVE_ARCH = YES;
				SDKROOT = iphoneos;
				SWIFT_ACTIVE_COMPILATION_CONDITIONS = DEBUG;
				SWIFT_OPTIMIZATION_LEVEL = "-Onone";
			};
			name = Debug;
		};
		F12BE11D219AEAA400444F28 /* Release */ = {
			isa = XCBuildConfiguration;
			buildSettings = {
				ALWAYS_SEARCH_USER_PATHS = NO;
				CLANG_ANALYZER_NONNULL = YES;
				CLANG_ANALYZER_NUMBER_OBJECT_CONVERSION = YES_AGGRESSIVE;
				CLANG_CXX_LANGUAGE_STANDARD = "gnu++14";
				CLANG_CXX_LIBRARY = "libc++";
				CLANG_ENABLE_MODULES = YES;
				CLANG_ENABLE_OBJC_ARC = YES;
				CLANG_ENABLE_OBJC_WEAK = YES;
				CLANG_WARN_BLOCK_CAPTURE_AUTORELEASING = YES;
				CLANG_WARN_BOOL_CONVERSION = YES;
				CLANG_WARN_COMMA = YES;
				CLANG_WARN_CONSTANT_CONVERSION = YES;
				CLANG_WARN_DEPRECATED_OBJC_IMPLEMENTATIONS = YES;
				CLANG_WARN_DIRECT_OBJC_ISA_USAGE = YES_ERROR;
				CLANG_WARN_DOCUMENTATION_COMMENTS = YES;
				CLANG_WARN_EMPTY_BODY = YES;
				CLANG_WARN_ENUM_CONVERSION = YES;
				CLANG_WARN_INFINITE_RECURSION = YES;
				CLANG_WARN_INT_CONVERSION = YES;
				CLANG_WARN_NON_LITERAL_NULL_CONVERSION = YES;
				CLANG_WARN_OBJC_IMPLICIT_RETAIN_SELF = YES;
				CLANG_WARN_OBJC_LITERAL_CONVERSION = YES;
				CLANG_WARN_OBJC_ROOT_CLASS = YES_ERROR;
				CLANG_WARN_RANGE_LOOP_ANALYSIS = YES;
				CLANG_WARN_STRICT_PROTOTYPES = YES;
				CLANG_WARN_SUSPICIOUS_MOVE = YES;
				CLANG_WARN_UNGUARDED_AVAILABILITY = YES_AGGRESSIVE;
				CLANG_WARN_UNREACHABLE_CODE = YES;
				CLANG_WARN__DUPLICATE_METHOD_MATCH = YES;
				CODE_SIGN_IDENTITY = "iPhone Developer";
				COPY_PHASE_STRIP = NO;
				DEBUG_INFORMATION_FORMAT = "dwarf-with-dsym";
				ENABLE_NS_ASSERTIONS = NO;
				ENABLE_STRICT_OBJC_MSGSEND = YES;
				GCC_C_LANGUAGE_STANDARD = gnu11;
				GCC_NO_COMMON_BLOCKS = YES;
				GCC_WARN_64_TO_32_BIT_CONVERSION = YES;
				GCC_WARN_ABOUT_RETURN_TYPE = YES_ERROR;
				GCC_WARN_UNDECLARED_SELECTOR = YES;
				GCC_WARN_UNINITIALIZED_AUTOS = YES_AGGRESSIVE;
				GCC_WARN_UNUSED_FUNCTION = YES;
				GCC_WARN_UNUSED_VARIABLE = YES;
				IPHONEOS_DEPLOYMENT_TARGET = 11.4;
				MTL_ENABLE_DEBUG_INFO = NO;
				SDKROOT = iphoneos;
				SWIFT_COMPILATION_MODE = wholemodule;
				SWIFT_OPTIMIZATION_LEVEL = "-O";
				VALIDATE_PRODUCT = YES;
			};
			name = Release;
		};
		F12BE11F219AEAA400444F28 /* Debug */ = {
			isa = XCBuildConfiguration;
			baseConfigurationReference = BCCCB51883B1BE6367AE0426 /* Pods-SupFamily.debug.xcconfig */;
			buildSettings = {
				ASSETCATALOG_COMPILER_APPICON_NAME = AppIcon;
				CODE_SIGN_STYLE = Automatic;
				INFOPLIST_FILE = SupFamily/Info.plist;
				LD_RUNPATH_SEARCH_PATHS = (
					"$(inherited)",
					"@executable_path/Frameworks",
				);
				PRODUCT_BUNDLE_IDENTIFIER = supinfo.SupFamily;
				PRODUCT_NAME = "$(TARGET_NAME)";
				SWIFT_VERSION = 4.0;
				TARGETED_DEVICE_FAMILY = "1,2";
			};
			name = Debug;
		};
		F12BE120219AEAA400444F28 /* Release */ = {
			isa = XCBuildConfiguration;
			baseConfigurationReference = C47593FFE0486233382EAC66 /* Pods-SupFamily.release.xcconfig */;
			buildSettings = {
				ASSETCATALOG_COMPILER_APPICON_NAME = AppIcon;
				CODE_SIGN_STYLE = Automatic;
				INFOPLIST_FILE = SupFamily/Info.plist;
				LD_RUNPATH_SEARCH_PATHS = (
					"$(inherited)",
					"@executable_path/Frameworks",
				);
				PRODUCT_BUNDLE_IDENTIFIER = supinfo.SupFamily;
				PRODUCT_NAME = "$(TARGET_NAME)";
				SWIFT_VERSION = 4.0;
				TARGETED_DEVICE_FAMILY = "1,2";
			};
			name = Release;
		};
/* End XCBuildConfiguration section */

/* Begin XCConfigurationList section */
		F12BE104219AEAA300444F28 /* Build configuration list for PBXProject "SupFamily" */ = {
			isa = XCConfigurationList;
			buildConfigurations = (
				F12BE11C219AEAA400444F28 /* Debug */,
				F12BE11D219AEAA400444F28 /* Release */,
			);
			defaultConfigurationIsVisible = 0;
			defaultConfigurationName = Release;
		};
		F12BE11E219AEAA400444F28 /* Build configuration list for PBXNativeTarget "SupFamily" */ = {
			isa = XCConfigurationList;
			buildConfigurations = (
				F12BE11F219AEAA400444F28 /* Debug */,
				F12BE120219AEAA400444F28 /* Release */,
			);
			defaultConfigurationIsVisible = 0;
			defaultConfigurationName = Release;
		};
/* End XCConfigurationList section */

/* Begin XCVersionGroup section */
		F12BE113219AEAA300444F28 /* SupFamily.xcdatamodeld */ = {
			isa = XCVersionGroup;
			children = (
				F12BE114219AEAA300444F28 /* SupFamily.xcdatamodel */,
			);
			currentVersion = F12BE114219AEAA300444F28 /* SupFamily.xcdatamodel */;
			path = SupFamily.xcdatamodeld;
			sourceTree = "<group>";
			versionGroupType = wrapper.xcdatamodel;
		};
/* End XCVersionGroup section */
	};
	rootObject = F12BE101219AEAA300444F28 /* Project object */;
}
